
Microsoft Visual Studio Solution File, Format Version 12.00
# Visual Studio 2017
Project("{FAE04EC0-301F-11D3-BF4B-00C04F79EFBC}") = "RetroFPS", "RetroFPS.csproj", "{19FB88A2-9DA8-D33D-5EE1-E82E65D616FB}"
EndProject
Project("{FAE04EC0-301F-11D3-BF4B-00C04F79EFBC}") = "RetroFPS.Plugins", "RetroFPS.Plugins.csproj", "{B89BFC9F-015E-DCF3-0927-981D8C42DE38}"
EndProject
Global
	GlobalSection(SolutionConfigurationPlatforms) = preSolution
		Debug|Any CPU = Debug|Any CPU
		Release|Any CPU = Release|Any CPU
	EndGlobalSection
	GlobalSection(ProjectConfigurationPlatforms) = postSolution
		{19FB88A2-9DA8-D33D-5EE1-E82E65D616FB}.Debug|Any CPU.ActiveCfg = Debug|Any CPU
		{19FB88A2-9DA8-D33D-5EE1-E82E65D616FB}.Debug|Any CPU.Build.0 = Debug|Any CPU
		{19FB88A2-9DA8-D33D-5EE1-E82E65D616FB}.Release|Any CPU.ActiveCfg = Release|Any CPU
		{19FB88A2-9DA8-D33D-5EE1-E82E65D616FB}.Release|Any CPU.Build.0 = Release|Any CPU
		{B89BFC9F-015E-DCF3-0927-981D8C42DE38}.Debug|Any CPU.ActiveCfg = Debug|Any CPU
		{B89BFC9F-015E-DCF3-0927-981D8C42DE38}.Debug|Any CPU.Build.0 = Debug|Any CPU
		{B89BFC9F-015E-DCF3-0927-981D8C42DE38}.Release|Any CPU.ActiveCfg = Release|Any CPU
		{B89BFC9F-015E-DCF3-0927-981D8C42DE38}.Release|Any CPU.Build.0 = Release|Any CPU
	EndGlobalSection
	GlobalSection(SolutionProperties) = preSolution
		HideSolutionNode = FALSE
	EndGlobalSection
EndGlobal
